
Microsoft Visual Studio Solution File, Format Version 12.00
# Visual Studio Version 17
VisualStudioVersion = 17.11.35303.130
MinimumVisualStudioVersion = 10.0.40219.1
Project("{888888A0-9F3D-457C-B088-3A5042F75D52}") = "Caterpillar Game 2024", "Caterpillar Game 2024.pyproj", "{1B741218-6B8A-4F06-A17E-3FE9D2A0FBD1}"
EndProject
Global
	GlobalSection(SolutionConfigurationPlatforms) = preSolution
		Debug|Any CPU = Debug|Any CPU
		Release|Any CPU = Release|Any CPU
	EndGlobalSection
	GlobalSection(ProjectConfigurationPlatforms) = postSolution
		{1B741218-6B8A-4F06-A17E-3FE9D2A0FBD1}.Debug|Any CPU.ActiveCfg = Debug|Any CPU
		{1B741218-6B8A-4F06-A17E-3FE9D2A0FBD1}.Release|Any CPU.ActiveCfg = Release|Any CPU
	EndGlobalSection
	GlobalSection(SolutionProperties) = preSolution
		HideSolutionNode = FALSE
	EndGlobalSection
	GlobalSection(ExtensibilityGlobals) = postSolution
		SolutionGuid = {5EC8B5FA-75B8-43C9-A5C5-C81091885D01}
	EndGlobalSection
EndGlobal
